
Microsoft Visual Studio Solution File, Format Version 12.00
# Visual Studio 15
VisualStudioVersion = 15.0.26730.12
MinimumVisualStudioVersion = 10.0.40219.1
Project("{8BC9CEB8-8B4A-11D0-8D11-00A0C91BC942}") = "prueba flex bison", "prueba flex bison\prueba flex bison.vcxproj", "{059BAA51-0091-4B62-8493-FFD236010873}"
EndProject
Global
	GlobalSection(SolutionConfigurationPlatforms) = preSolution
		Debug|x64 = Debug|x64
		Debug|x86 = Debug|x86
		Release|x64 = Release|x64
		Release|x86 = Release|x86
	EndGlobalSection
	GlobalSection(ProjectConfigurationPlatforms) = postSolution
		{059BAA51-0091-4B62-8493-FFD236010873}.Debug|x64.ActiveCfg = Debug|x64
		{059BAA51-0091-4B62-8493-FFD236010873}.Debug|x64.Build.0 = Debug|x64
		{059BAA51-0091-4B62-8493-FFD236010873}.Debug|x86.ActiveCfg = Debug|Win32
		{059BAA51-0091-4B62-8493-FFD236010873}.Debug|x86.Build.0 = Debug|Win32
		{059BAA51-0091-4B62-8493-FFD236010873}.Release|x64.ActiveCfg = Release|x64
		{059BAA51-0091-4B62-8493-FFD236010873}.Release|x64.Build.0 = Release|x64
		{059BAA51-0091-4B62-8493-FFD236010873}.Release|x86.ActiveCfg = Release|Win32
		{059BAA51-0091-4B62-8493-FFD236010873}.Release|x86.Build.0 = Release|Win32
	EndGlobalSection
	GlobalSection(SolutionProperties) = preSolution
		HideSolutionNode = FALSE
	EndGlobalSection
	GlobalSection(ExtensibilityGlobals) = postSolution
		SolutionGuid = {55934AD4-6E97-4B55-B72F-5947BFA06147}
	EndGlobalSection
EndGlobal
